
Microsoft Visual Studio Solution File, Format Version 12.00
# Visual Studio Version 17
VisualStudioVersion = 17.10.34607.79
MinimumVisualStudioVersion = 10.0.40219.1
Project("{FAE04EC0-301F-11D3-BF4B-00C04F79EFBC}") = "MohirDev3topshiriq", "MohirDev3topshiriq\MohirDev3topshiriq.csproj", "{D947E859-9FA6-4C5E-A325-F6A84BCD9C54}"
EndProject
Global
	GlobalSection(SolutionConfigurationPlatforms) = preSolution
		Debug|Any CPU = Debug|Any CPU
		Release|Any CPU = Release|Any CPU
	EndGlobalSection
	GlobalSection(ProjectConfigurationPlatforms) = postSolution
		{D947E859-9FA6-4C5E-A325-F6A84BCD9C54}.Debug|Any CPU.ActiveCfg = Debug|Any CPU
		{D947E859-9FA6-4C5E-A325-F6A84BCD9C54}.Debug|Any CPU.Build.0 = Debug|Any CPU
		{D947E859-9FA6-4C5E-A325-F6A84BCD9C54}.Release|Any CPU.ActiveCfg = Release|Any CPU
		{D947E859-9FA6-4C5E-A325-F6A84BCD9C54}.Release|Any CPU.Build.0 = Release|Any CPU
	EndGlobalSection
	GlobalSection(SolutionProperties) = preSolution
		HideSolutionNode = FALSE
	EndGlobalSection
	GlobalSection(ExtensibilityGlobals) = postSolution
		SolutionGuid = {AA2435DF-BE04-42A7-B286-D2E4BFDC5A1E}
	EndGlobalSection
EndGlobal
